// !$*UTF8*$!
{
	archiveVersion = 1;
	classes = {
	};
	objectVersion = 55;
	objects = {

/* Begin PBXBuildFile section */
		8F936F592813E654007D816A /* Collapsable_Toolbar_SwiftUIApp.swift in Sources */ = {isa = PBXBuildFile; fileRef = 8F936F582813E654007D816A /* Collapsable_Toolbar_SwiftUIApp.swift */; };
		8F936F5B2813E654007D816A /* ContentView.swift in Sources */ = {isa = PBXBuildFile; fileRef = 8F936F5A2813E654007D816A /* ContentView.swift */; };
		8F936F5D2813E655007D816A /* Assets.xcassets in Resources */ = {isa = PBXBuildFile; fileRef = 8F936F5C2813E655007D816A /* Assets.xcassets */; };
		8F936F602813E655007D816A /* Preview Assets.xcassets in Resources */ = {isa = PBXBuildFile; fileRef = 8F936F5F2813E655007D816A /* Preview Assets.xcassets */; };
		8F936F692813F04C007D816A /* HomeView.swift in Sources */ = {isa = PBXBuildFile; fileRef = 8F936F682813F04C007D816A /* HomeView.swift */; };
		8F936F6B2814028C007D816A /* CustomCorner.swift in Sources */ = {isa = PBXBuildFile; fileRef = 8F936F6A2814028C007D816A /* CustomCorner.swift */; };
		8F936F6E2814063D007D816A /* OffsetModifier.swift in Sources */ = {isa = PBXBuildFile; fileRef = 8F936F6D2814063D007D816A /* OffsetModifier.swift */; };
		8F936F7028142001007D816A /* Message.swift in Sources */ = {isa = PBXBuildFile; fileRef = 8F936F6F28142001007D816A /* Message.swift */; };
/* End PBXBuildFile section */

/* Begin PBXFileReference section */
		8F936F552813E654007D816A /* Collapsable Toolbar SwiftUI.app */ = {isa = PBXFileReference; explicitFileType = wrapper.application; includeInIndex = 0; path = "Collapsable Toolbar SwiftUI.app"; sourceTree = BUILT_PRODUCTS_DIR; };
		8F936F582813E654007D816A /* Collapsable_Toolbar_SwiftUIApp.swift */ = {isa = PBXFileReference; lastKnownFileType = sourcecode.swift; path = Collapsable_Toolbar_SwiftUIApp.swift; sourceTree = "<group>"; };
		8F936F5A2813E654007D816A /* ContentView.swift */ = {isa = PBXFileReference; lastKnownFileType = sourcecode.swift; path = ContentView.swift; sourceTree = "<group>"; };
		8F936F5C2813E655007D816A /* Assets.xcassets */ = {isa = PBXFileReference; lastKnownFileType = folder.assetcatalog; path = Assets.xcassets; sourceTree = "<group>"; };
		8F936F5F2813E655007D816A /* Preview Assets.xcassets */ = {isa = PBXFileReference; lastKnownFileType = folder.assetcatalog; path = "Preview Assets.xcassets"; sourceTree = "<group>"; };
		8F936F682813F04C007D816A /* HomeView.swift */ = {isa = PBXFileReference; lastKnownFileType = sourcecode.swift; path = HomeView.swift; sourceTree = "<group>"; };
		8F936F6A2814028C007D816A /* CustomCorner.swift */ = {isa = PBXFileReference; lastKnownFileType = sourcecode.swift; path = CustomCorner.swift; sourceTree = "<group>"; };
		8F936F6D2814063D007D816A /* OffsetModifier.swift */ = {isa = PBXFileReference; lastKnownFileType = sourcecode.swift; path = OffsetModifier.swift; sourceTree = "<group>"; };
		8F936F6F28142001007D816A /* Message.swift */ = {isa = PBXFileReference; lastKnownFileType = sourcecode.swift; path = Message.swift; sourceTree = "<group>"; };
/* End PBXFileReference section */

/* Begin PBXFrameworksBuildPhase section */
		8F936F522813E654007D816A /* Frameworks */ = {
			isa = PBXFrameworksBuildPhase;
			buildActionMask = 2147483647;
			files = (
			);
			runOnlyForDeploymentPostprocessing = 0;
		};
/* End PBXFrameworksBuildPhase section */

/* Begin PBXGroup section */
		8F936F4C2813E653007D816A = {
			isa = PBXGroup;
			children = (
				8F936F572813E654007D816A /* Collapsable Toolbar SwiftUI */,
				8F936F562813E654007D816A /* Products */,
			);
			sourceTree = "<group>";
		};
		8F936F562813E654007D816A /* Products */ = {
			isa = PBXGroup;
			children = (
				8F936F552813E654007D816A /* Collapsable Toolbar SwiftUI.app */,
			);
			name = Products;
			sourceTree = "<group>";
		};
		8F936F572813E654007D816A /* Collapsable Toolbar SwiftUI */ = {
			isa = PBXGroup;
			children = (
				8F936F672813F033007D816A /* Model */,
				8F936F662813F01A007D816A /* View */,
				8F936F582813E654007D816A /* Collapsable_Toolbar_SwiftUIApp.swift */,
				8F936F5A2813E654007D816A /* ContentView.swift */,
				8F936F5C2813E655007D816A /* Assets.xcassets */,
				8F936F5E2813E655007D816A /* Preview Content */,
			);
			path = "Collapsable Toolbar SwiftUI";
			sourceTree = "<group>";
		};
		8F936F5E2813E655007D816A /* Preview Content */ = {
			isa = PBXGroup;
			children = (
				8F936F5F2813E655007D816A /* Preview Assets.xcassets */,
			);
			path = "Preview Content";
			sourceTree = "<group>";
		};
		8F936F662813F01A007D816A /* View */ = {
			isa = PBXGroup;
			children = (
				8F936F6C2814042E007D816A /* Modifiers */,
				8F936F682813F04C007D816A /* HomeView.swift */,
				8F936F6A2814028C007D816A /* CustomCorner.swift */,
			);
			path = View;
			sourceTree = "<group>";
		};
		8F936F672813F033007D816A /* Model */ = {
			isa = PBXGroup;
			children = (
				8F936F6F28142001007D816A /* Message.swift */,
			);
			path = Model;
			sourceTree = "<group>";
		};
		8F936F6C2814042E007D816A /* Modifiers */ = {
			isa = PBXGroup;
			children = (
				8F936F6D2814063D007D816A /* OffsetModifier.swift */,
			);
			path = Modifiers;
			sourceTree = "<group>";
		};
/* End PBXGroup section */

/* Begin PBXNativeTarget section */
		8F936F542813E654007D816A /* Collapsable Toolbar SwiftUI */ = {
			isa = PBXNativeTarget;
			buildConfigurationList = 8F936F632813E655007D816A /* Build configuration list for PBXNativeTarget "Collapsable Toolbar SwiftUI" */;
			buildPhases = (
				8F936F512813E654007D816A /* Sources */,
				8F936F522813E654007D816A /* Frameworks */,
				8F936F532813E654007D816A /* Resources */,
			);
			buildRules = (
			);
			dependencies = (
			);
			name = "Collapsable Toolbar SwiftUI";
			productName = "Collapsable Toolbar SwiftUI";
			productReference = 8F936F552813E654007D816A /* Collapsable Toolbar SwiftUI.app */;
			productType = "com.apple.product-type.application";
		};
/* End PBXNativeTarget section */

/* Begin PBXProject section */
		8F936F4D2813E653007D816A /* Project object */ = {
			isa = PBXProject;
			attributes = {
				BuildIndependentTargetsInParallel = 1;
				LastSwiftUpdateCheck = 1320;
				LastUpgradeCheck = 1320;
				TargetAttributes = {
					8F936F542813E654007D816A = {
						CreatedOnToolsVersion = 13.2.1;
					};
				};
			};
			buildConfigurationList = 8F936F502813E653007D816A /* Build configuration list for PBXProject "Collapsable Toolbar SwiftUI" */;
			compatibilityVersion = "Xcode 13.0";
			developmentRegion = en;
			hasScannedForEncodings = 0;
			knownRegions = (
				en,
				Base,
			);
			mainGroup = 8F936F4C2813E653007D816A;
			productRefGroup = 8F936F562813E654007D816A /* Products */;
			projectDirPath = "";
			projectRoot = "";
			targets = (
				8F936F542813E654007D816A /* Collapsable Toolbar SwiftUI */,
			);
		};
/* End PBXProject section */

/* Begin PBXResourcesBuildPhase section */
		8F936F532813E654007D816A /* Resources */ = {
			isa = PBXResourcesBuildPhase;
			buildActionMask = 2147483647;
			files = (
				8F936F602813E655007D816A /* Preview Assets.xcassets in Resources */,
				8F936F5D2813E655007D816A /* Assets.xcassets in Resources */,
			);
			runOnlyForDeploymentPostprocessing = 0;
		};
/* End PBXResourcesBuildPhase section */

/* Begin PBXSourcesBuildPhase section */
		8F936F512813E654007D816A /* Sources */ = {
			isa = PBXSourcesBuildPhase;
			buildActionMask = 2147483647;
			files = (
				8F936F692813F04C007D816A /* HomeView.swift in Sources */,
				8F936F6B2814028C007D816A /* CustomCorner.swift in Sources */,
				8F936F6E2814063D007D816A /* OffsetModifier.swift in Sources */,
				8F936F7028142001007D816A /* Message.swift in Sources */,
				8F936F5B2813E654007D816A /* ContentView.swift in Sources */,
				8F936F592813E654007D816A /* Collapsable_Toolbar_SwiftUIApp.swift in Sources */,
			);
			runOnlyForDeploymentPostprocessing = 0;
		};
/* End PBXSourcesBuildPhase section */

/* Begin XCBuildConfiguration section */
		8F936F612813E655007D816A /* Debug */ = {
			isa = XCBuildConfiguration;
			buildSettings = {
				ALWAYS_SEARCH_USER_PATHS = NO;
				CLANG_ANALYZER_NONNULL = YES;
				CLANG_ANALYZER_NUMBER_OBJECT_CONVERSION = YES_AGGRESSIVE;
				CLANG_CXX_LANGUAGE_STANDARD = "gnu++17";
				CLANG_CXX_LIBRARY = "libc++";
				CLANG_ENABLE_MODULES = YES;
				CLANG_ENABLE_OBJC_ARC = YES;
				CLANG_ENABLE_OBJC_WEAK = YES;
				CLANG_WARN_BLOCK_CAPTURE_AUTORELEASING = YES;
				CLANG_WARN_BOOL_CONVERSION = YES;
				CLANG_WARN_COMMA = YES;
				CLANG_WARN_CONSTANT_CONVERSION = YES;
				CLANG_WARN_DEPRECATED_OBJC_IMPLEMENTATIONS = YES;
				CLANG_WARN_DIRECT_OBJC_ISA_USAGE = YES_ERROR;
				CLANG_WARN_DOCUMENTATION_COMMENTS = YES;
				CLANG_WARN_EMPTY_BODY = YES;
				CLANG_WARN_ENUM_CONVERSION = YES;
				CLANG_WARN_INFINITE_RECURSION = YES;
				CLANG_WARN_INT_CONVERSION = YES;
				CLANG_WARN_NON_LITERAL_NULL_CONVERSION = YES;
				CLANG_WARN_OBJC_IMPLICIT_RETAIN_SELF = YES;
				CLANG_WARN_OBJC_LITERAL_CONVERSION = YES;
				CLANG_WARN_OBJC_ROOT_CLASS = YES_ERROR;
				CLANG_WARN_QUOTED_INCLUDE_IN_FRAMEWORK_HEADER = YES;
				CLANG_WARN_RANGE_LOOP_ANALYSIS = YES;
				CLANG_WARN_STRICT_PROTOTYPES = YES;
				CLANG_WARN_SUSPICIOUS_MOVE = YES;
				CLANG_WARN_UNGUARDED_AVAILABILITY = YES_AGGRESSIVE;
				CLANG_WARN_UNREACHABLE_CODE = YES;
				CLANG_WARN__DUPLICATE_METHOD_MATCH = YES;
				COPY_PHASE_STRIP = NO;
				DEBUG_INFORMATION_FORMAT = dwarf;
				ENABLE_STRICT_OBJC_MSGSEND = YES;
				ENABLE_TESTABILITY = YES;
				GCC_C_LANGUAGE_STANDARD = gnu11;
				GCC_DYNAMIC_NO_PIC = NO;
				GCC_NO_COMMON_BLOCKS = YES;
				GCC_OPTIMIZATION_LEVEL = 0;
				GCC_PREPROCESSOR_DEFINITIONS = (
					"DEBUG=1",
					"$(inherited)",
				);
				GCC_WARN_64_TO_32_BIT_CONVERSION = YES;
				GCC_WARN_ABOUT_RETURN_TYPE = YES_ERROR;
				GCC_WARN_UNDECLARED_SELECTOR = YES;
				GCC_WARN_UNINITIALIZED_AUTOS = YES_AGGRESSIVE;
				GCC_WARN_UNUSED_FUNCTION = YES;
				GCC_WARN_UNUSED_VARIABLE = YES;
				IPHONEOS_DEPLOYMENT_TARGET = 15.2;
				MTL_ENABLE_DEBUG_INFO = INCLUDE_SOURCE;
				MTL_FAST_MATH = YES;
				ONLY_ACTIVE_ARCH = YES;
				SDKROOT = iphoneos;
				SWIFT_ACTIVE_COMPILATION_CONDITIONS = DEBUG;
				SWIFT_OPTIMIZATION_LEVEL = "-Onone";
			};
			name = Debug;
		};
		8F936F622813E655007D816A /* Release */ = {
			isa = XCBuildConfiguration;
			buildSettings = {
				ALWAYS_SEARCH_USER_PATHS = NO;
				CLANG_ANALYZER_NONNULL = YES;
				CLANG_ANALYZER_NUMBER_OBJECT_CONVERSION = YES_AGGRESSIVE;
				CLANG_CXX_LANGUAGE_STANDARD = "gnu++17";
				CLANG_CXX_LIBRARY = "libc++";
				CLANG_ENABLE_MODULES = YES;
				CLANG_ENABLE_OBJC_ARC = YES;
				CLANG_ENABLE_OBJC_WEAK = YES;
				CLANG_WARN_BLOCK_CAPTURE_AUTORELEASING = YES;
				CLANG_WARN_BOOL_CONVERSION = YES;
				CLANG_WARN_COMMA = YES;
				CLANG_WARN_CONSTANT_CONVERSION = YES;
				CLANG_WARN_DEPRECATED_OBJC_IMPLEMENTATIONS = YES;
				CLANG_WARN_DIRECT_OBJC_ISA_USAGE = YES_ERROR;
				CLANG_WARN_DOCUMENTATION_COMMENTS = YES;
				CLANG_WARN_EMPTY_BODY = YES;
				CLANG_WARN_ENUM_CONVERSION = YES;
				CLANG_WARN_INFINITE_RECURSION = YES;
				CLANG_WARN_INT_CONVERSION = YES;
				CLANG_WARN_NON_LITERAL_NULL_CONVERSION = YES;
				CLANG_WARN_OBJC_IMPLICIT_RETAIN_SELF = YES;
				CLANG_WARN_OBJC_LITERAL_CONVERSION = YES;
				CLANG_WARN_OBJC_ROOT_CLASS = YES_ERROR;
				CLANG_WARN_QUOTED_INCLUDE_IN_FRAMEWORK_HEADER = YES;
				CLANG_WARN_RANGE_LOOP_ANALYSIS = YES;
				CLANG_WARN_STRICT_PROTOTYPES = YES;
				CLANG_WARN_SUSPICIOUS_MOVE = YES;
				CLANG_WARN_UNGUARDED_AVAILABILITY = YES_AGGRESSIVE;
				CLANG_WARN_UNREACHABLE_CODE = YES;
				CLANG_WARN__DUPLICATE_METHOD_MATCH = YES;
				COPY_PHASE_STRIP = NO;
				DEBUG_INFORMATION_FORMAT = "dwarf-with-dsym";
				ENABLE_NS_ASSERTIONS = NO;
				ENABLE_STRICT_OBJC_MSGSEND = YES;
				GCC_C_LANGUAGE_STANDARD = gnu11;
				GCC_NO_COMMON_BLOCKS = YES;
				GCC_WARN_64_TO_32_BIT_CONVERSION = YES;
				GCC_WARN_ABOUT_RETURN_TYPE = YES_ERROR;
				GCC_WARN_UNDECLARED_SELECTOR = YES;
				GCC_WARN_UNINITIALIZED_AUTOS = YES_AGGRESSIVE;
				GCC_WARN_UNUSED_FUNCTION = YES;
				GCC_WARN_UNUSED_VARIABLE = YES;
				IPHONEOS_DEPLOYMENT_TARGET = 15.2;
				MTL_ENABLE_DEBUG_INFO = NO;
				MTL_FAST_MATH = YES;
				SDKROOT = iphoneos;
				SWIFT_COMPILATION_MODE = wholemodule;
				SWIFT_OPTIMIZATION_LEVEL = "-O";
				VALIDATE_PRODUCT = YES;
			};
			name = Release;
		};
		8F936F642813E655007D816A /* Debug */ = {
			isa = XCBuildConfiguration;
			buildSettings = {
				ASSETCATALOG_COMPILER_APPICON_NAME = AppIcon;
				ASSETCATALOG_COMPILER_GLOBAL_ACCENT_COLOR_NAME = AccentColor;
				CODE_SIGN_STYLE = Automatic;
				CURRENT_PROJECT_VERSION = 1;
				DEVELOPMENT_ASSET_PATHS = "\"Collapsable Toolbar SwiftUI/Preview Content\"";
				DEVELOPMENT_TEAM = 2C389PZ9R3;
				ENABLE_PREVIEWS = YES;
				GENERATE_INFOPLIST_FILE = YES;
				INFOPLIST_KEY_UIApplicationSceneManifest_Generation = YES;
				INFOPLIST_KEY_UIApplicationSupportsIndirectInputEvents = YES;
				INFOPLIST_KEY_UILaunchScreen_Generation = YES;
				INFOPLIST_KEY_UISupportedInterfaceOrientations_iPad = "UIInterfaceOrientationPortrait UIInterfaceOrientationPortraitUpsideDown UIInterfaceOrientationLandscapeLeft UIInterfaceOrientationLandscapeRight";
				INFOPLIST_KEY_UISupportedInterfaceOrientations_iPhone = "UIInterfaceOrientationPortrait UIInterfaceOrientationLandscapeLeft UIInterfaceOrientationLandscapeRight";
				LD_RUNPATH_SEARCH_PATHS = (
					"$(inherited)",
					"@executable_path/Frameworks",
				);
				MARKETING_VERSION = 1.0;
				PRODUCT_BUNDLE_IDENTIFIER = "towhid.Collapsable-Toolbar-SwiftUI";
				PRODUCT_NAME = "$(TARGET_NAME)";
				SWIFT_EMIT_LOC_STRINGS = YES;
				SWIFT_VERSION = 5.0;
				TARGETED_DEVICE_FAMILY = "1,2";
			};
			name = Debug;
		};
		8F936F652813E655007D816A /* Release */ = {
			isa = XCBuildConfiguration;
			buildSettings = {
				ASSETCATALOG_COMPILER_APPICON_NAME = AppIcon;
				ASSETCATALOG_COMPILER_GLOBAL_ACCENT_COLOR_NAME = AccentColor;
				CODE_SIGN_STYLE = Automatic;
				CURRENT_PROJECT_VERSION = 1;
				DEVELOPMENT_ASSET_PATHS = "\"Collapsable Toolbar SwiftUI/Preview Content\"";
				DEVELOPMENT_TEAM = 2C389PZ9R3;
				ENABLE_PREVIEWS = YES;
				GENERATE_INFOPLIST_FILE = YES;
				INFOPLIST_KEY_UIApplicationSceneManifest_Generation = YES;
				INFOPLIST_KEY_UIApplicationSupportsIndirectInputEvents = YES;
				INFOPLIST_KEY_UILaunchScreen_Generation = YES;
				INFOPLIST_KEY_UISupportedInterfaceOrientations_iPad = "UIInterfaceOrientationPortrait UIInterfaceOrientationPortraitUpsideDown UIInterfaceOrientationLandscapeLeft UIInterfaceOrientationLandscapeRight";
				INFOPLIST_KEY_UISupportedInterfaceOrientations_iPhone = "UIInterfaceOrientationPortrait UIInterfaceOrientationLandscapeLeft UIInterfaceOrientationLandscapeRight";
				LD_RUNPATH_SEARCH_PATHS = (
					"$(inherited)",
					"@executable_path/Frameworks",
				);
				MARKETING_VERSION = 1.0;
				PRODUCT_BUNDLE_IDENTIFIER = "towhid.Collapsable-Toolbar-SwiftUI";
				PRODUCT_NAME = "$(TARGET_NAME)";
				SWIFT_EMIT_LOC_STRINGS = YES;
				SWIFT_VERSION = 5.0;
				TARGETED_DEVICE_FAMILY = "1,2";
			};
			name = Release;
		};
/* End XCBuildConfiguration section */

/* Begin XCConfigurationList section */
		8F936F502813E653007D816A /* Build configuration list for PBXProject "Collapsable Toolbar SwiftUI" */ = {
			isa = XCConfigurationList;
			buildConfigurations = (
				8F936F612813E655007D816A /* Debug */,
				8F936F622813E655007D816A /* Release */,
			);
			defaultConfigurationIsVisible = 0;
			defaultConfigurationName = Release;
		};
		8F936F632813E655007D816A /* Build configuration list for PBXNativeTarget "Collapsable Toolbar SwiftUI" */ = {
			isa = XCConfigurationList;
			buildConfigurations = (
				8F936F642813E655007D816A /* Debug */,
				8F936F652813E655007D816A /* Release */,
			);
			defaultConfigurationIsVisible = 0;
			defaultConfigurationName = Release;
		};
/* End XCConfigurationList section */
	};
	rootObject = 8F936F4D2813E653007D816A /* Project object */;
}
